// !$*UTF8*$!
{
	archiveVersion = 1;
	classes = {
	};
	objectVersion = 55;
	objects = {

/* Begin PBXBuildFile section */
		66C69D8A279EDA1F00D03A93 /* CubeGeometry.swift in Sources */ = {isa = PBXBuildFile; fileRef = 66C69D89279EDA1F00D03A93 /* CubeGeometry.swift */; };
		9C8B3E6A279E8AA600599C97 /* VolumeRendering_iOSApp.swift in Sources */ = {isa = PBXBuildFile; fileRef = 9C8B3E69279E8AA600599C97 /* VolumeRendering_iOSApp.swift */; };
		9C8B3E6C279E8AA600599C97 /* ContentView.swift in Sources */ = {isa = PBXBuildFile; fileRef = 9C8B3E6B279E8AA600599C97 /* ContentView.swift */; };
		9C8B3E6E279E8AA800599C97 /* Assets.xcassets in Resources */ = {isa = PBXBuildFile; fileRef = 9C8B3E6D279E8AA800599C97 /* Assets.xcassets */; };
		9C8B3E71279E8AA800599C97 /* Preview Assets.xcassets in Resources */ = {isa = PBXBuildFile; fileRef = 9C8B3E70279E8AA800599C97 /* Preview Assets.xcassets */; };
		9C8B3E78279E8AC700599C97 /* MetalScene.swift in Sources */ = {isa = PBXBuildFile; fileRef = 9C8B3E77279E8AC700599C97 /* MetalScene.swift */; };
		9C8B3E7A279E8BA500599C97 /* Renderer.swift in Sources */ = {isa = PBXBuildFile; fileRef = 9C8B3E79279E8BA500599C97 /* Renderer.swift */; };
		9C8B3E7C279E8C8100599C97 /* volumerendering.metal in Sources */ = {isa = PBXBuildFile; fileRef = 9C8B3E7B279E8C8100599C97 /* volumerendering.metal */; };
		9C8B3E7E279E96C500599C97 /* Type.swift in Sources */ = {isa = PBXBuildFile; fileRef = 9C8B3E7D279E96C500599C97 /* Type.swift */; };
/* End PBXBuildFile section */

/* Begin PBXFileReference section */
		66C69D89279EDA1F00D03A93 /* CubeGeometry.swift */ = {isa = PBXFileReference; lastKnownFileType = sourcecode.swift; path = CubeGeometry.swift; sourceTree = "<group>"; };
		9C8B3E66279E8AA600599C97 /* VolumeRendering-iOS.app */ = {isa = PBXFileReference; explicitFileType = wrapper.application; includeInIndex = 0; path = "VolumeRendering-iOS.app"; sourceTree = BUILT_PRODUCTS_DIR; };
		9C8B3E69279E8AA600599C97 /* VolumeRendering_iOSApp.swift */ = {isa = PBXFileReference; lastKnownFileType = sourcecode.swift; path = VolumeRendering_iOSApp.swift; sourceTree = "<group>"; };
		9C8B3E6B279E8AA600599C97 /* ContentView.swift */ = {isa = PBXFileReference; lastKnownFileType = sourcecode.swift; path = ContentView.swift; sourceTree = "<group>"; };
		9C8B3E6D279E8AA800599C97 /* Assets.xcassets */ = {isa = PBXFileReference; lastKnownFileType = folder.assetcatalog; path = Assets.xcassets; sourceTree = "<group>"; };
		9C8B3E70279E8AA800599C97 /* Preview Assets.xcassets */ = {isa = PBXFileReference; lastKnownFileType = folder.assetcatalog; path = "Preview Assets.xcassets"; sourceTree = "<group>"; };
		9C8B3E77279E8AC700599C97 /* MetalScene.swift */ = {isa = PBXFileReference; lastKnownFileType = sourcecode.swift; path = MetalScene.swift; sourceTree = "<group>"; };
		9C8B3E79279E8BA500599C97 /* Renderer.swift */ = {isa = PBXFileReference; lastKnownFileType = sourcecode.swift; path = Renderer.swift; sourceTree = "<group>"; };
		9C8B3E7B279E8C8100599C97 /* volumerendering.metal */ = {isa = PBXFileReference; lastKnownFileType = sourcecode.metal; path = volumerendering.metal; sourceTree = "<group>"; };
		9C8B3E7D279E96C500599C97 /* Type.swift */ = {isa = PBXFileReference; lastKnownFileType = sourcecode.swift; path = Type.swift; sourceTree = "<group>"; };
/* End PBXFileReference section */

/* Begin PBXFrameworksBuildPhase section */
		9C8B3E63279E8AA600599C97 /* Frameworks */ = {
			isa = PBXFrameworksBuildPhase;
			buildActionMask = 2147483647;
			files = (
			);
			runOnlyForDeploymentPostprocessing = 0;
		};
/* End PBXFrameworksBuildPhase section */

/* Begin PBXGroup section */
		9C8B3E5D279E8AA600599C97 = {
			isa = PBXGroup;
			children = (
				9C8B3E68279E8AA600599C97 /* VolumeRendering-iOS */,
				9C8B3E67279E8AA600599C97 /* Products */,
			);
			sourceTree = "<group>";
		};
		9C8B3E67279E8AA600599C97 /* Products */ = {
			isa = PBXGroup;
			children = (
				9C8B3E66279E8AA600599C97 /* VolumeRendering-iOS.app */,
			);
			name = Products;
			sourceTree = "<group>";
		};
		9C8B3E68279E8AA600599C97 /* VolumeRendering-iOS */ = {
			isa = PBXGroup;
			children = (
				9CC39D4F279F6E8F0066FC1D /* Data */,
				9C8B3E69279E8AA600599C97 /* VolumeRendering_iOSApp.swift */,
				9C8B3E6B279E8AA600599C97 /* ContentView.swift */,
				9C8B3E7D279E96C500599C97 /* Type.swift */,
				66C69D89279EDA1F00D03A93 /* CubeGeometry.swift */,
				9C8B3E77279E8AC700599C97 /* MetalScene.swift */,
				9C8B3E79279E8BA500599C97 /* Renderer.swift */,
				9C8B3E7B279E8C8100599C97 /* volumerendering.metal */,
				9C8B3E6D279E8AA800599C97 /* Assets.xcassets */,
				9C8B3E6F279E8AA800599C97 /* Preview Content */,
			);
			path = "VolumeRendering-iOS";
			sourceTree = "<group>";
		};
		9C8B3E6F279E8AA800599C97 /* Preview Content */ = {
			isa = PBXGroup;
			children = (
				9C8B3E70279E8AA800599C97 /* Preview Assets.xcassets */,
			);
			path = "Preview Content";
			sourceTree = "<group>";
		};
		9CC39D4F279F6E8F0066FC1D /* Data */ = {
			isa = PBXGroup;
			children = (
			);
			path = Data;
			sourceTree = "<group>";
		};
/* End PBXGroup section */

/* Begin PBXNativeTarget section */
		9C8B3E65279E8AA600599C97 /* VolumeRendering-iOS */ = {
			isa = PBXNativeTarget;
			buildConfigurationList = 9C8B3E74279E8AA800599C97 /* Build configuration list for PBXNativeTarget "VolumeRendering-iOS" */;
			buildPhases = (
				9C8B3E62279E8AA600599C97 /* Sources */,
				9C8B3E63279E8AA600599C97 /* Frameworks */,
				9C8B3E64279E8AA600599C97 /* Resources */,
			);
			buildRules = (
			);
			dependencies = (
			);
			name = "VolumeRendering-iOS";
			productName = "VolumeRendering-iOS";
			productReference = 9C8B3E66279E8AA600599C97 /* VolumeRendering-iOS.app */;
			productType = "com.apple.product-type.application";
		};
/* End PBXNativeTarget section */

/* Begin PBXProject section */
		9C8B3E5E279E8AA600599C97 /* Project object */ = {
			isa = PBXProject;
			attributes = {
				BuildIndependentTargetsInParallel = 1;
				LastSwiftUpdateCheck = 1320;
				LastUpgradeCheck = 1320;
				TargetAttributes = {
					9C8B3E65279E8AA600599C97 = {
						CreatedOnToolsVersion = 13.2.1;
					};
				};
			};
			buildConfigurationList = 9C8B3E61279E8AA600599C97 /* Build configuration list for PBXProject "VolumeRendering-iOS" */;
			compatibilityVersion = "Xcode 13.0";
			developmentRegion = en;
			hasScannedForEncodings = 0;
			knownRegions = (
				en,
				Base,
			);
			mainGroup = 9C8B3E5D279E8AA600599C97;
			productRefGroup = 9C8B3E67279E8AA600599C97 /* Products */;
			projectDirPath = "";
			projectRoot = "";
			targets = (
				9C8B3E65279E8AA600599C97 /* VolumeRendering-iOS */,
			);
		};
/* End PBXProject section */

/* Begin PBXResourcesBuildPhase section */
		9C8B3E64279E8AA600599C97 /* Resources */ = {
			isa = PBXResourcesBuildPhase;
			buildActionMask = 2147483647;
			files = (
				9C8B3E71279E8AA800599C97 /* Preview Assets.xcassets in Resources */,
				9C8B3E6E279E8AA800599C97 /* Assets.xcassets in Resources */,
			);
			runOnlyForDeploymentPostprocessing = 0;
		};
/* End PBXResourcesBuildPhase section */

/* Begin PBXSourcesBuildPhase section */
		9C8B3E62279E8AA600599C97 /* Sources */ = {
			isa = PBXSourcesBuildPhase;
			buildActionMask = 2147483647;
			files = (
				9C8B3E6C279E8AA600599C97 /* ContentView.swift in Sources */,
				9C8B3E7C279E8C8100599C97 /* volumerendering.metal in Sources */,
				9C8B3E78279E8AC700599C97 /* MetalScene.swift in Sources */,
				9C8B3E7A279E8BA500599C97 /* Renderer.swift in Sources */,
				9C8B3E6A279E8AA600599C97 /* VolumeRendering_iOSApp.swift in Sources */,
				9C8B3E7E279E96C500599C97 /* Type.swift in Sources */,
				66C69D8A279EDA1F00D03A93 /* CubeGeometry.swift in Sources */,
			);
			runOnlyForDeploymentPostprocessing = 0;
		};
/* End PBXSourcesBuildPhase section */

/* Begin XCBuildConfiguration section */
		9C8B3E72279E8AA800599C97 /* Debug */ = {
			isa = XCBuildConfiguration;
			buildSettings = {
				ALWAYS_SEARCH_USER_PATHS = NO;
				CLANG_ANALYZER_NONNULL = YES;
				CLANG_ANALYZER_NUMBER_OBJECT_CONVERSION = YES_AGGRESSIVE;
				CLANG_CXX_LANGUAGE_STANDARD = "gnu++17";
				CLANG_CXX_LIBRARY = "libc++";
				CLANG_ENABLE_MODULES = YES;
				CLANG_ENABLE_OBJC_ARC = YES;
				CLANG_ENABLE_OBJC_WEAK = YES;
				CLANG_WARN_BLOCK_CAPTURE_AUTORELEASING = YES;
				CLANG_WARN_BOOL_CONVERSION = YES;
				CLANG_WARN_COMMA = YES;
				CLANG_WARN_CONSTANT_CONVERSION = YES;
				CLANG_WARN_DEPRECATED_OBJC_IMPLEMENTATIONS = YES;
				CLANG_WARN_DIRECT_OBJC_ISA_USAGE = YES_ERROR;
				CLANG_WARN_DOCUMENTATION_COMMENTS = YES;
				CLANG_WARN_EMPTY_BODY = YES;
				CLANG_WARN_ENUM_CONVERSION = YES;
				CLANG_WARN_INFINITE_RECURSION = YES;
				CLANG_WARN_INT_CONVERSION = YES;
				CLANG_WARN_NON_LITERAL_NULL_CONVERSION = YES;
				CLANG_WARN_OBJC_IMPLICIT_RETAIN_SELF = YES;
				CLANG_WARN_OBJC_LITERAL_CONVERSION = YES;
				CLANG_WARN_OBJC_ROOT_CLASS = YES_ERROR;
				CLANG_WARN_QUOTED_INCLUDE_IN_FRAMEWORK_HEADER = YES;
				CLANG_WARN_RANGE_LOOP_ANALYSIS = YES;
				CLANG_WARN_STRICT_PROTOTYPES = YES;
				CLANG_WARN_SUSPICIOUS_MOVE = YES;
				CLANG_WARN_UNGUARDED_AVAILABILITY = YES_AGGRESSIVE;
				CLANG_WARN_UNREACHABLE_CODE = YES;
				CLANG_WARN__DUPLICATE_METHOD_MATCH = YES;
				COPY_PHASE_STRIP = NO;
				DEBUG_INFORMATION_FORMAT = dwarf;
				ENABLE_STRICT_OBJC_MSGSEND = YES;
				ENABLE_TESTABILITY = YES;
				GCC_C_LANGUAGE_STANDARD = gnu11;
				GCC_DYNAMIC_NO_PIC = NO;
				GCC_NO_COMMON_BLOCKS = YES;
				GCC_OPTIMIZATION_LEVEL = 0;
				GCC_PREPROCESSOR_DEFINITIONS = (
					"DEBUG=1",
					"$(inherited)",
				);
				GCC_WARN_64_TO_32_BIT_CONVERSION = YES;
				GCC_WARN_ABOUT_RETURN_TYPE = YES_ERROR;
				GCC_WARN_UNDECLARED_SELECTOR = YES;
				GCC_WARN_UNINITIALIZED_AUTOS = YES_AGGRESSIVE;
				GCC_WARN_UNUSED_FUNCTION = YES;
				GCC_WARN_UNUSED_VARIABLE = YES;
				IPHONEOS_DEPLOYMENT_TARGET = 15.2;
				MTL_ENABLE_DEBUG_INFO = INCLUDE_SOURCE;
				MTL_FAST_MATH = YES;
				ONLY_ACTIVE_ARCH = YES;
				SDKROOT = iphoneos;
				SWIFT_ACTIVE_COMPILATION_CONDITIONS = DEBUG;
				SWIFT_OPTIMIZATION_LEVEL = "-Onone";
			};
			name = Debug;
		};
		9C8B3E73279E8AA800599C97 /* Release */ = {
			isa = XCBuildConfiguration;
			buildSettings = {
				ALWAYS_SEARCH_USER_PATHS = NO;
				CLANG_ANALYZER_NONNULL = YES;
				CLANG_ANALYZER_NUMBER_OBJECT_CONVERSION = YES_AGGRESSIVE;
				CLANG_CXX_LANGUAGE_STANDARD = "gnu++17";
				CLANG_CXX_LIBRARY = "libc++";
				CLANG_ENABLE_MODULES = YES;
				CLANG_ENABLE_OBJC_ARC = YES;
				CLANG_ENABLE_OBJC_WEAK = YES;
				CLANG_WARN_BLOCK_CAPTURE_AUTORELEASING = YES;
				CLANG_WARN_BOOL_CONVERSION = YES;
				CLANG_WARN_COMMA = YES;
				CLANG_WARN_CONSTANT_CONVERSION = YES;
				CLANG_WARN_DEPRECATED_OBJC_IMPLEMENTATIONS = YES;
				CLANG_WARN_DIRECT_OBJC_ISA_USAGE = YES_ERROR;
				CLANG_WARN_DOCUMENTATION_COMMENTS = YES;
				CLANG_WARN_EMPTY_BODY = YES;
				CLANG_WARN_ENUM_CONVERSION = YES;
				CLANG_WARN_INFINITE_RECURSION = YES;
				CLANG_WARN_INT_CONVERSION = YES;
				CLANG_WARN_NON_LITERAL_NULL_CONVERSION = YES;
				CLANG_WARN_OBJC_IMPLICIT_RETAIN_SELF = YES;
				CLANG_WARN_OBJC_LITERAL_CONVERSION = YES;
				CLANG_WARN_OBJC_ROOT_CLASS = YES_ERROR;
				CLANG_WARN_QUOTED_INCLUDE_IN_FRAMEWORK_HEADER = YES;
				CLANG_WARN_RANGE_LOOP_ANALYSIS = YES;
				CLANG_WARN_STRICT_PROTOTYPES = YES;
				CLANG_WARN_SUSPICIOUS_MOVE = YES;
				CLANG_WARN_UNGUARDED_AVAILABILITY = YES_AGGRESSIVE;
				CLANG_WARN_UNREACHABLE_CODE = YES;
				CLANG_WARN__DUPLICATE_METHOD_MATCH = YES;
				COPY_PHASE_STRIP = NO;
				DEBUG_INFORMATION_FORMAT = "dwarf-with-dsym";
				ENABLE_NS_ASSERTIONS = NO;
				ENABLE_STRICT_OBJC_MSGSEND = YES;
				GCC_C_LANGUAGE_STANDARD = gnu11;
				GCC_NO_COMMON_BLOCKS = YES;
				GCC_WARN_64_TO_32_BIT_CONVERSION = YES;
				GCC_WARN_ABOUT_RETURN_TYPE = YES_ERROR;
				GCC_WARN_UNDECLARED_SELECTOR = YES;
				GCC_WARN_UNINITIALIZED_AUTOS = YES_AGGRESSIVE;
				GCC_WARN_UNUSED_FUNCTION = YES;
				GCC_WARN_UNUSED_VARIABLE = YES;
				IPHONEOS_DEPLOYMENT_TARGET = 15.2;
				MTL_ENABLE_DEBUG_INFO = NO;
				MTL_FAST_MATH = YES;
				SDKROOT = iphoneos;
				SWIFT_COMPILATION_MODE = wholemodule;
				SWIFT_OPTIMIZATION_LEVEL = "-O";
				VALIDATE_PRODUCT = YES;
			};
			name = Release;
		};
		9C8B3E75279E8AA800599C97 /* Debug */ = {
			isa = XCBuildConfiguration;
			buildSettings = {
				ASSETCATALOG_COMPILER_APPICON_NAME = AppIcon;
				ASSETCATALOG_COMPILER_GLOBAL_ACCENT_COLOR_NAME = AccentColor;
				CODE_SIGN_STYLE = Automatic;
				CURRENT_PROJECT_VERSION = 1;
				DEVELOPMENT_ASSET_PATHS = "\"VolumeRendering-iOS/Preview Content\"";
				DEVELOPMENT_TEAM = DZALFV4TQY;
				ENABLE_PREVIEWS = YES;
				GENERATE_INFOPLIST_FILE = YES;
				INFOPLIST_KEY_UIApplicationSceneManifest_Generation = YES;
				INFOPLIST_KEY_UIApplicationSupportsIndirectInputEvents = YES;
				INFOPLIST_KEY_UILaunchScreen_Generation = YES;
				INFOPLIST_KEY_UISupportedInterfaceOrientations_iPad = "UIInterfaceOrientationPortrait UIInterfaceOrientationPortraitUpsideDown UIInterfaceOrientationLandscapeLeft UIInterfaceOrientationLandscapeRight";
				INFOPLIST_KEY_UISupportedInterfaceOrientations_iPhone = "UIInterfaceOrientationPortrait UIInterfaceOrientationLandscapeLeft UIInterfaceOrientationLandscapeRight";
				LD_RUNPATH_SEARCH_PATHS = (
					"$(inherited)",
					"@executable_path/Frameworks",
				);
				MARKETING_VERSION = 1.0;
				PRODUCT_BUNDLE_IDENTIFIER = "com.VolumeRendering-iOS";
				PRODUCT_NAME = "$(TARGET_NAME)";
				SWIFT_EMIT_LOC_STRINGS = YES;
				SWIFT_VERSION = 5.0;
				TARGETED_DEVICE_FAMILY = "1,2";
			};
			name = Debug;
		};
		9C8B3E76279E8AA800599C97 /* Release */ = {
			isa = XCBuildConfiguration;
			buildSettings = {
				ASSETCATALOG_COMPILER_APPICON_NAME = AppIcon;
				ASSETCATALOG_COMPILER_GLOBAL_ACCENT_COLOR_NAME = AccentColor;
				CODE_SIGN_STYLE = Automatic;
				CURRENT_PROJECT_VERSION = 1;
				DEVELOPMENT_ASSET_PATHS = "\"VolumeRendering-iOS/Preview Content\"";
				DEVELOPMENT_TEAM = DZALFV4TQY;
				ENABLE_PREVIEWS = YES;
				GENERATE_INFOPLIST_FILE = YES;
				INFOPLIST_KEY_UIApplicationSceneManifest_Generation = YES;
				INFOPLIST_KEY_UIApplicationSupportsIndirectInputEvents = YES;
				INFOPLIST_KEY_UILaunchScreen_Generation = YES;
				INFOPLIST_KEY_UISupportedInterfaceOrientations_iPad = "UIInterfaceOrientationPortrait UIInterfaceOrientationPortraitUpsideDown UIInterfaceOrientationLandscapeLeft UIInterfaceOrientationLandscapeRight";
				INFOPLIST_KEY_UISupportedInterfaceOrientations_iPhone = "UIInterfaceOrientationPortrait UIInterfaceOrientationLandscapeLeft UIInterfaceOrientationLandscapeRight";
				LD_RUNPATH_SEARCH_PATHS = (
					"$(inherited)",
					"@executable_path/Frameworks",
				);
				MARKETING_VERSION = 1.0;
				PRODUCT_BUNDLE_IDENTIFIER = "com.VolumeRendering-iOS";
				PRODUCT_NAME = "$(TARGET_NAME)";
				SWIFT_EMIT_LOC_STRINGS = YES;
				SWIFT_VERSION = 5.0;
				TARGETED_DEVICE_FAMILY = "1,2";
			};
			name = Release;
		};
/* End XCBuildConfiguration section */

/* Begin XCConfigurationList section */
		9C8B3E61279E8AA600599C97 /* Build configuration list for PBXProject "VolumeRendering-iOS" */ = {
			isa = XCConfigurationList;
			buildConfigurations = (
				9C8B3E72279E8AA800599C97 /* Debug */,
				9C8B3E73279E8AA800599C97 /* Release */,
			);
			defaultConfigurationIsVisible = 0;
			defaultConfigurationName = Release;
		};
		9C8B3E74279E8AA800599C97 /* Build configuration list for PBXNativeTarget "VolumeRendering-iOS" */ = {
			isa = XCConfigurationList;
			buildConfigurations = (
				9C8B3E75279E8AA800599C97 /* Debug */,
				9C8B3E76279E8AA800599C97 /* Release */,
			);
			defaultConfigurationIsVisible = 0;
			defaultConfigurationName = Release;
		};
/* End XCConfigurationList section */
	};
	rootObject = 9C8B3E5E279E8AA600599C97 /* Project object */;
}
